
Microsoft Visual Studio Solution File, Format Version 12.00
# Visual Studio Version 17
VisualStudioVersion = 17.3.32929.385
MinimumVisualStudioVersion = 10.0.40219.1
Project("{FAE04EC0-301F-11D3-BF4B-00C04F79EFBC}") = "AssetsManager.API", "AssetsManager.API\AssetsManager.API.csproj", "{56B88105-6531-413C-BADB-287936B5033A}"
EndProject
Global
	GlobalSection(SolutionConfigurationPlatforms) = preSolution
		Debug|Any CPU = Debug|Any CPU
		Release|Any CPU = Release|Any CPU
	EndGlobalSection
	GlobalSection(ProjectConfigurationPlatforms) = postSolution
		{56B88105-6531-413C-BADB-287936B5033A}.Debug|Any CPU.ActiveCfg = Debug|Any CPU
		{56B88105-6531-413C-BADB-287936B5033A}.Debug|Any CPU.Build.0 = Debug|Any CPU
		{56B88105-6531-413C-BADB-287936B5033A}.Release|Any CPU.ActiveCfg = Release|Any CPU
		{56B88105-6531-413C-BADB-287936B5033A}.Release|Any CPU.Build.0 = Release|Any CPU
	EndGlobalSection
	GlobalSection(SolutionProperties) = preSolution
		HideSolutionNode = FALSE
	EndGlobalSection
	GlobalSection(ExtensibilityGlobals) = postSolution
		SolutionGuid = {1A1BCF21-4CCB-46A7-A100-DAD1FC763CE5}
	EndGlobalSection
EndGlobal
